<?xml version="1.0" encoding="utf-8"?>
<Project ToolsVersion="4.0" xmlns="http://schemas.microsoft.com/developer/msbuild/2003">
  <ItemGroup>
    <Filter Include="Fichiers sources">
      <UniqueIdentifier>{4FC737F1-C7A5-4376-A066-2A32D752A2FF}</UniqueIdentifier>
      <Extensions>cpp;c;cc;cxx;def;odl;idl;hpj;bat;asm;asmx</Extensions>
    </Filter>
    <Filter Include="Fichiers d%27en-tête">
      <UniqueIdentifier>{93995380-89BD-4b04-88EB-625FBE52EBFB}</UniqueIdentifier>
      <Extensions>h;hh;hpp;hxx;hm;inl;inc;xsd</Extensions>
    </Filter>
    <Filter Include="Fichiers de ressources">
      <UniqueIdentifier>{67DA6AB6-F800-4c08-8B7A-83BB121AAD01}</UniqueIdentifier>
      <Extensions>rc;ico;cur;bmp;dlg;rc2;rct;bin;rgs;gif;jpg;jpeg;jpe;resx;tiff;tif;png;wav;mfcribbon-ms</Extensions>
    </Filter>
    <Filter Include="Fichiers d%27en-tête\Capacity">
      <UniqueIdentifier>{7f2a32ed-2550-49c9-8d59-f7fac02ace97}</UniqueIdentifier>
    </Filter>
    <Filter Include="Fichiers d%27en-tête\Capacity\Abstract">
      <UniqueIdentifier>{c9b28eed-da12-446a-85d5-f2b23d7457d2}</UniqueIdentifier>
    </Filter>
    <Filter Include="Fichiers sources\Capacity">
      <UniqueIdentifier>{b594b12f-de8b-48b5-af8d-3cc8f458c413}</UniqueIdentifier>
    </Filter>
    <Filter Include="Fichiers sources\Capacity\Abstract">
      <UniqueIdentifier>{5684cf3b-333e-4e55-b0f3-b29771d24491}</UniqueIdentifier>
    </Filter>
    <Filter Include="Fichiers d%27en-tête\Action">
      <UniqueIdentifier>{91ef9384-21d8-46a2-bc61-c2dd743eb437}</UniqueIdentifier>
    </Filter>
    <Filter Include="Fichiers d%27en-tête\Action\Abstract">
      <UniqueIdentifier>{fb14852e-40ef-4560-b346-0ef0c3821076}</UniqueIdentifier>
    </Filter>
    <Filter Include="Fichiers sources\Action">
      <UniqueIdentifier>{bb372557-b8ba-4545-ba11-5761ae0473d6}</UniqueIdentifier>
    </Filter>
    <Filter Include="Fichiers sources\Action\Abstract">
      <UniqueIdentifier>{0ab1c8d5-e758-45f9-bfd1-dd3db3158a6e}</UniqueIdentifier>
    </Filter>
  </ItemGroup>
  <ItemGroup>
    <Text Include="ReadMe.txt" />
  </ItemGroup>
  <ItemGroup>
    <ClInclude Include="stdafx.h">
      <Filter>Fichiers d%27en-tête</Filter>
    </ClInclude>
    <ClInclude Include="targetver.h">
      <Filter>Fichiers d%27en-tête</Filter>
    </ClInclude>
    <ClInclude Include="Armor.h">
      <Filter>Fichiers d%27en-tête\Capacity</Filter>
    </ClInclude>
    <ClInclude Include="Damage.h">
      <Filter>Fichiers d%27en-tête\Capacity</Filter>
    </ClInclude>
    <ClInclude Include="HealthPoint.h">
      <Filter>Fichiers d%27en-tête\Capacity</Filter>
    </ClInclude>
    <ClInclude Include="Regeneration.h">
      <Filter>Fichiers d%27en-tête\Capacity</Filter>
    </ClInclude>
    <ClInclude Include="Scope.h">
      <Filter>Fichiers d%27en-tête\Capacity</Filter>
    </ClInclude>
    <ClInclude Include="Speed.h">
      <Filter>Fichiers d%27en-tête\Capacity</Filter>
    </ClInclude>
    <ClInclude Include="WeaponSpeed.h">
      <Filter>Fichiers d%27en-tête\Capacity</Filter>
    </ClInclude>
    <ClInclude Include="Point.h">
      <Filter>Fichiers d%27en-tête</Filter>
    </ClInclude>
    <ClInclude Include="IA.h">
      <Filter>Fichiers d%27en-tête</Filter>
    </ClInclude>
    <ClInclude Include="Army.h">
      <Filter>Fichiers d%27en-tête</Filter>
    </ClInclude>
    <ClInclude Include="Unit.h">
      <Filter>Fichiers d%27en-tête</Filter>
    </ClInclude>
    <ClInclude Include="Action.h">
      <Filter>Fichiers d%27en-tête\Action\Abstract</Filter>
    </ClInclude>
    <ClInclude Include="ActionMove.h">
      <Filter>Fichiers d%27en-tête\Action</Filter>
    </ClInclude>
    <ClInclude Include="ActionShoot.h">
      <Filter>Fichiers d%27en-tête\Action</Filter>
    </ClInclude>
    <ClInclude Include="Capacity.h">
      <Filter>Fichiers d%27en-tête\Capacity\Abstract</Filter>
    </ClInclude>
  </ItemGroup>
  <ItemGroup>
    <ClCompile Include="stdafx.cpp">
      <Filter>Fichiers sources</Filter>
    </ClCompile>
    <ClCompile Include="BattleIA.cpp">
      <Filter>Fichiers sources</Filter>
    </ClCompile>
    <ClCompile Include="Capacity.cpp">
      <Filter>Fichiers sources\Capacity\Abstract</Filter>
    </ClCompile>
    <ClCompile Include="Armor.cpp">
      <Filter>Fichiers sources\Capacity</Filter>
    </ClCompile>
    <ClCompile Include="Damage.cpp">
      <Filter>Fichiers sources\Capacity</Filter>
    </ClCompile>
    <ClCompile Include="HealthPoint.cpp">
      <Filter>Fichiers sources\Capacity</Filter>
    </ClCompile>
    <ClCompile Include="Regeneration.cpp">
      <Filter>Fichiers sources\Capacity</Filter>
    </ClCompile>
    <ClCompile Include="Scope.cpp">
      <Filter>Fichiers sources\Capacity</Filter>
    </ClCompile>
    <ClCompile Include="Speed.cpp">
      <Filter>Fichiers sources\Capacity</Filter>
    </ClCompile>
    <ClCompile Include="WeaponSpeed.cpp">
      <Filter>Fichiers sources\Capacity</Filter>
    </ClCompile>
    <ClCompile Include="Point.cpp">
      <Filter>Fichiers sources</Filter>
    </ClCompile>
    <ClCompile Include="IA.cpp">
      <Filter>Fichiers sources</Filter>
    </ClCompile>
    <ClCompile Include="Army.cpp">
      <Filter>Fichiers sources</Filter>
    </ClCompile>
    <ClCompile Include="Unit.cpp">
      <Filter>Fichiers sources</Filter>
    </ClCompile>
    <ClCompile Include="Action.cpp">
      <Filter>Fichiers sources\Action\Abstract</Filter>
    </ClCompile>
    <ClCompile Include="ActionMove.cpp">
      <Filter>Fichiers sources\Action</Filter>
    </ClCompile>
    <ClCompile Include="ActionShoot.cpp">
      <Filter>Fichiers sources\Action</Filter>
    </ClCompile>
  </ItemGroup>
</Project>