<?xml version="1.0" encoding="utf-8"?>
<Project ToolsVersion="4.0" xmlns="http://schemas.microsoft.com/developer/msbuild/2003">
  <ItemGroup>
    <Filter Include="Fichiers sources">
      <UniqueIdentifier>{4FC737F1-C7A5-4376-A066-2A32D752A2FF}</UniqueIdentifier>
      <Extensions>cpp;c;cc;cxx;def;odl;idl;hpj;bat;asm;asmx</Extensions>
    </Filter>
    <Filter Include="Fichiers d%27en-tête">
      <UniqueIdentifier>{93995380-89BD-4b04-88EB-625FBE52EBFB}</UniqueIdentifier>
      <Extensions>h;hh;hpp;hxx;hm;inl;inc;xsd</Extensions>
    </Filter>
    <Filter Include="Fichiers de ressources">
      <UniqueIdentifier>{67DA6AB6-F800-4c08-8B7A-83BB121AAD01}</UniqueIdentifier>
      <Extensions>rc;ico;cur;bmp;dlg;rc2;rct;bin;rgs;gif;jpg;jpeg;jpe;resx;tiff;tif;png;wav;mfcribbon-ms</Extensions>
    </Filter>
    <Filter Include="Fichiers d%27en-tête\Actions">
      <UniqueIdentifier>{8a5ac73a-1e21-453f-8a18-19f368e1341e}</UniqueIdentifier>
    </Filter>
    <Filter Include="Fichiers d%27en-tête\Capacities">
      <UniqueIdentifier>{c78918fa-7a00-4856-af46-34e5347ff725}</UniqueIdentifier>
    </Filter>
    <Filter Include="Fichiers d%27en-tête\Tree">
      <UniqueIdentifier>{7fec500e-0865-4d80-81a3-5fb155d87d24}</UniqueIdentifier>
    </Filter>
    <Filter Include="Fichiers d%27en-tête\Tree\Extractors">
      <UniqueIdentifier>{0e88af29-6f6f-476e-afbe-8639e323ab8c}</UniqueIdentifier>
    </Filter>
    <Filter Include="Fichiers d%27en-tête\Tree\Extractors\Capacities">
      <UniqueIdentifier>{756479c4-faf1-492a-8a8b-2601cd3ada71}</UniqueIdentifier>
    </Filter>
    <Filter Include="Fichiers d%27en-tête\Tree\Extractors\Distences">
      <UniqueIdentifier>{474c419e-af3a-457b-bb29-078b40db8a14}</UniqueIdentifier>
    </Filter>
    <Filter Include="Fichiers d%27en-tête\Tree\Operators">
      <UniqueIdentifier>{a1034a92-6d51-421d-9059-bc677b8626ab}</UniqueIdentifier>
    </Filter>
    <Filter Include="Fichiers d%27en-tête\Tree\Leaf">
      <UniqueIdentifier>{11768816-9882-407f-a921-be03bacb8ac9}</UniqueIdentifier>
    </Filter>
  </ItemGroup>
  <ItemGroup>
    <ClInclude Include="AI.hpp">
      <Filter>Fichiers d%27en-tête</Filter>
    </ClInclude>
    <ClInclude Include="Army.hpp">
      <Filter>Fichiers d%27en-tête</Filter>
    </ClInclude>
    <ClInclude Include="battle.hpp">
      <Filter>Fichiers d%27en-tête</Filter>
    </ClInclude>
    <ClInclude Include="Point.hpp">
      <Filter>Fichiers d%27en-tête</Filter>
    </ClInclude>
    <ClInclude Include="training.hpp">
      <Filter>Fichiers d%27en-tête</Filter>
    </ClInclude>
    <ClInclude Include="Unit.hpp">
      <Filter>Fichiers d%27en-tête</Filter>
    </ClInclude>
    <ClInclude Include="Util.hpp">
      <Filter>Fichiers d%27en-tête</Filter>
    </ClInclude>
    <ClInclude Include="ArmorCapacity.hpp">
      <Filter>Fichiers d%27en-tête\Capacities</Filter>
    </ClInclude>
    <ClInclude Include="DamageCapacity.hpp">
      <Filter>Fichiers d%27en-tête\Capacities</Filter>
    </ClInclude>
    <ClInclude Include="FirerateCapacity.hpp">
      <Filter>Fichiers d%27en-tête\Capacities</Filter>
    </ClInclude>
    <ClInclude Include="LifeCapacity.hpp">
      <Filter>Fichiers d%27en-tête\Capacities</Filter>
    </ClInclude>
    <ClInclude Include="RangeCapacity.hpp">
      <Filter>Fichiers d%27en-tête\Capacities</Filter>
    </ClInclude>
    <ClInclude Include="RegenCapacity.hpp">
      <Filter>Fichiers d%27en-tête\Capacities</Filter>
    </ClInclude>
    <ClInclude Include="SpeedCapacity.hpp">
      <Filter>Fichiers d%27en-tête\Capacities</Filter>
    </ClInclude>
    <ClInclude Include="Capacity.hpp">
      <Filter>Fichiers d%27en-tête\Capacities</Filter>
    </ClInclude>
    <ClInclude Include="Action.hpp">
      <Filter>Fichiers d%27en-tête\Actions</Filter>
    </ClInclude>
    <ClInclude Include="EmptyAction.hpp">
      <Filter>Fichiers d%27en-tête\Actions</Filter>
    </ClInclude>
    <ClInclude Include="MoveAction.hpp">
      <Filter>Fichiers d%27en-tête\Actions</Filter>
    </ClInclude>
    <ClInclude Include="ShotAction.hpp">
      <Filter>Fichiers d%27en-tête\Actions</Filter>
    </ClInclude>
    <ClInclude Include="Extractor.hpp">
      <Filter>Fichiers d%27en-tête\Tree\Extractors</Filter>
    </ClInclude>
    <ClInclude Include="ExtractorU.hpp">
      <Filter>Fichiers d%27en-tête\Tree\Extractors</Filter>
    </ClInclude>
    <ClInclude Include="ExtractorA.hpp">
      <Filter>Fichiers d%27en-tête\Tree\Extractors</Filter>
    </ClInclude>
    <ClInclude Include="ExtractorP.hpp">
      <Filter>Fichiers d%27en-tête\Tree\Extractors</Filter>
    </ClInclude>
    <ClInclude Include="ECapacities.hpp">
      <Filter>Fichiers d%27en-tête\Capacities</Filter>
    </ClInclude>
    <ClInclude Include="ExtractorO.hpp">
      <Filter>Fichiers d%27en-tête\Tree\Extractors</Filter>
    </ClInclude>
    <ClInclude Include="Build.hpp">
      <Filter>Fichiers d%27en-tête\Tree</Filter>
    </ClInclude>
    <ClInclude Include="ExtractorB.hpp">
      <Filter>Fichiers d%27en-tête\Tree\Extractors</Filter>
    </ClInclude>
    <ClInclude Include="ExtractorLD.hpp">
      <Filter>Fichiers d%27en-tête\Tree\Extractors\Distences</Filter>
    </ClInclude>
    <ClInclude Include="ExtractorHD.hpp">
      <Filter>Fichiers d%27en-tête\Tree\Extractors\Distences</Filter>
    </ClInclude>
    <ClInclude Include="ExtractorD.hpp">
      <Filter>Fichiers d%27en-tête\Tree\Extractors\Distences</Filter>
    </ClInclude>
    <ClInclude Include="ExtractorHCX.hpp">
      <Filter>Fichiers d%27en-tête\Tree\Extractors\Capacities</Filter>
    </ClInclude>
    <ClInclude Include="ExtractorLCX.hpp">
      <Filter>Fichiers d%27en-tête\Tree\Extractors\Capacities</Filter>
    </ClInclude>
    <ClInclude Include="ExtractorCX.hpp">
      <Filter>Fichiers d%27en-tête\Tree\Extractors\Capacities</Filter>
    </ClInclude>
    <ClInclude Include="ExtractorMinD.hpp">
      <Filter>Fichiers d%27en-tête\Tree\Extractors\Distences</Filter>
    </ClInclude>
    <ClInclude Include="ExtractorMaxD.hpp">
      <Filter>Fichiers d%27en-tête\Tree\Extractors\Distences</Filter>
    </ClInclude>
    <ClInclude Include="ExtractorMoyD.hpp">
      <Filter>Fichiers d%27en-tête\Tree\Extractors\Distences</Filter>
    </ClInclude>
    <ClInclude Include="ExtractorMaxCX.hpp">
      <Filter>Fichiers d%27en-tête\Tree\Extractors\Capacities</Filter>
    </ClInclude>
    <ClInclude Include="ExtractorMinCX.hpp">
      <Filter>Fichiers d%27en-tête\Tree\Extractors\Capacities</Filter>
    </ClInclude>
    <ClInclude Include="ExtractorMoyCX.hpp">
      <Filter>Fichiers d%27en-tête\Tree\Extractors\Capacities</Filter>
    </ClInclude>
    <ClInclude Include="ExtractorDirect.hpp">
      <Filter>Fichiers d%27en-tête\Tree\Extractors</Filter>
    </ClInclude>
    <ClInclude Include="ExtractorNHD.hpp">
      <Filter>Fichiers d%27en-tête\Tree\Extractors\Distences</Filter>
    </ClInclude>
    <ClInclude Include="ExtractorNLD.hpp">
      <Filter>Fichiers d%27en-tête\Tree\Extractors\Distences</Filter>
    </ClInclude>
    <ClInclude Include="ExtractorNHX.hpp">
      <Filter>Fichiers d%27en-tête\Tree\Extractors\Capacities</Filter>
    </ClInclude>
    <ClInclude Include="ExtractorNLX.hpp">
      <Filter>Fichiers d%27en-tête\Tree\Extractors\Capacities</Filter>
    </ClInclude>
    <ClInclude Include="ExtractorTHX.hpp">
      <Filter>Fichiers d%27en-tête\Tree\Extractors</Filter>
    </ClInclude>
    <ClInclude Include="ExtractorTLX.hpp">
      <Filter>Fichiers d%27en-tête\Tree\Extractors</Filter>
    </ClInclude>
    <ClInclude Include="Node.hpp">
      <Filter>Fichiers d%27en-tête\Tree</Filter>
    </ClInclude>
    <ClInclude Include="InternalNode.hpp">
      <Filter>Fichiers d%27en-tête\Tree</Filter>
    </ClInclude>
    <ClInclude Include="Operator.hpp">
      <Filter>Fichiers d%27en-tête\Tree\Operators</Filter>
    </ClInclude>
    <ClInclude Include="OperatorInf.hpp">
      <Filter>Fichiers d%27en-tête\Tree\Operators</Filter>
    </ClInclude>
    <ClInclude Include="OperatorSup.hpp">
      <Filter>Fichiers d%27en-tête\Tree\Operators</Filter>
    </ClInclude>
    <ClInclude Include="FleeAction.hpp">
      <Filter>Fichiers d%27en-tête\Actions</Filter>
    </ClInclude>
    <ClInclude Include="LeafFlee.hpp">
      <Filter>Fichiers d%27en-tête\Tree\Leaf</Filter>
    </ClInclude>
    <ClInclude Include="LeafMove.hpp">
      <Filter>Fichiers d%27en-tête\Tree\Leaf</Filter>
    </ClInclude>
    <ClInclude Include="LeafShot.hpp">
      <Filter>Fichiers d%27en-tête\Tree\Leaf</Filter>
    </ClInclude>
    <ClInclude Include="LeafEmpty.hpp">
      <Filter>Fichiers d%27en-tête\Tree\Leaf</Filter>
    </ClInclude>
  </ItemGroup>
  <ItemGroup>
    <ClCompile Include="AI.cpp">
      <Filter>Fichiers sources</Filter>
    </ClCompile>
    <ClCompile Include="Army.cpp">
      <Filter>Fichiers sources</Filter>
    </ClCompile>
    <ClCompile Include="battle.cpp">
      <Filter>Fichiers sources</Filter>
    </ClCompile>
    <ClCompile Include="main.cpp">
      <Filter>Fichiers sources</Filter>
    </ClCompile>
    <ClCompile Include="training.cpp">
      <Filter>Fichiers sources</Filter>
    </ClCompile>
    <ClCompile Include="Unit.cpp">
      <Filter>Fichiers sources</Filter>
    </ClCompile>
    <ClCompile Include="Build.cpp">
      <Filter>Fichiers sources</Filter>
    </ClCompile>
  </ItemGroup>
</Project>